{
  "nodes": {
    "flake-schemas": {
      "locked": {
        "lastModified": 1772200446,
        "narHash": "sha256-hcUPpu25+VLvQsf961cu4zTeA//Ab35MaMjqSS/Ojqc=",
        "rev": "d6a6b7cfa25bea552c197c9e227cd293ff801dbb",
        "revCount": 115,
        "type": "tarball",
        "url": "https://api.flakehub.com/f/pinned/DeterminateSystems/flake-schemas/0.3.0/019c9f61-e746-760e-a1fe-53f05b10d026/source.tar.gz"
      },
      "original": {
        "type": "tarball",
        "url": "https://flakehub.com/f/DeterminateSystems/flake-schemas/%2A"
      }
    },
    "nixpkgs": {
      "locked": {
        "lastModified": 1773068389,
        "narHash": "sha256-vMrm7Pk2hjBRPnCSjhq1pH0bg350Z+pXhqZ9ICiqqCs=",
        "rev": "44bae273f9f82d480273bab26f5c50de3724f52f",
        "revCount": 909173,
        "type": "tarball",
        "url": "https://api.flakehub.com/f/pinned/NixOS/nixpkgs/0.2511.909173%2Brev-44bae273f9f82d480273bab26f5c50de3724f52f/019cdb71-ee45-7469-aca0-9d5b9fedf5c5/source.tar.gz"
      },
      "original": {
        "type": "tarball",
        "url": "https://flakehub.com/f/NixOS/nixpkgs/%2A"
      }
    },
    "root": {
      "inputs": {
        "flake-schemas": "flake-schemas",
        "nixpkgs": "nixpkgs"
      }
    }
  },
  "root": "root",
  "version": 7
}
